
Microsoft Visual Studio Solution File, Format Version 12.00
# Visual Studio Version 17
VisualStudioVersion = 17.14.36127.28 d17.14
MinimumVisualStudioVersion = 10.0.40219.1
Project("{FAE04EC0-301F-11D3-BF4B-00C04F79EFBC}") = "MultiMinesweeper", "MultiMinesweeper\MultiMinesweeper.csproj", "{B452E39C-3BAD-4421-BADF-77A1D323E19E}"
EndProject
Global
	GlobalSection(SolutionConfigurationPlatforms) = preSolution
		Debug|Any CPU = Debug|Any CPU
		Release|Any CPU = Release|Any CPU
	EndGlobalSection
	GlobalSection(ProjectConfigurationPlatforms) = postSolution
		{B452E39C-3BAD-4421-BADF-77A1D323E19E}.Debug|Any CPU.ActiveCfg = Debug|Any CPU
		{B452E39C-3BAD-4421-BADF-77A1D323E19E}.Debug|Any CPU.Build.0 = Debug|Any CPU
		{B452E39C-3BAD-4421-BADF-77A1D323E19E}.Release|Any CPU.ActiveCfg = Release|Any CPU
		{B452E39C-3BAD-4421-BADF-77A1D323E19E}.Release|Any CPU.Build.0 = Release|Any CPU
	EndGlobalSection
	GlobalSection(SolutionProperties) = preSolution
		HideSolutionNode = FALSE
	EndGlobalSection
	GlobalSection(ExtensibilityGlobals) = postSolution
		SolutionGuid = {F03B1669-B934-4782-880C-8A2D73366C60}
	EndGlobalSection
EndGlobal
